
Microsoft Visual Studio Solution File, Format Version 12.00
# Visual Studio 15
VisualStudioVersion = 15.0.28010.2046
MinimumVisualStudioVersion = 10.0.40219.1
Project("{9A19103F-16F7-4668-BE54-9A1E7A4F7556}") = "Aldrigos.SmartSoap", "Aldrigos.SmartSoap\Aldrigos.SmartSoap.csproj", "{724FA103-2932-423B-9486-BBA3E5037548}"
EndProject
Project("{FAE04EC0-301F-11D3-BF4B-00C04F79EFBC}") = "Aldrigos.SmartSoap.TestApp", "Aldrigos.SmartSoap.TestApp\Aldrigos.SmartSoap.TestApp.csproj", "{73A0E8FC-0852-495B-840F-0F267DC6A141}"
EndProject
Global
	GlobalSection(SolutionConfigurationPlatforms) = preSolution
		Debug|Any CPU = Debug|Any CPU
		Release|Any CPU = Release|Any CPU
	EndGlobalSection
	GlobalSection(ProjectConfigurationPlatforms) = postSolution
		{724FA103-2932-423B-9486-BBA3E5037548}.Debug|Any CPU.ActiveCfg = Debug|Any CPU
		{724FA103-2932-423B-9486-BBA3E5037548}.Debug|Any CPU.Build.0 = Debug|Any CPU
		{724FA103-2932-423B-9486-BBA3E5037548}.Release|Any CPU.ActiveCfg = Release|Any CPU
		{724FA103-2932-423B-9486-BBA3E5037548}.Release|Any CPU.Build.0 = Release|Any CPU
		{73A0E8FC-0852-495B-840F-0F267DC6A141}.Debug|Any CPU.ActiveCfg = Debug|Any CPU
		{73A0E8FC-0852-495B-840F-0F267DC6A141}.Debug|Any CPU.Build.0 = Debug|Any CPU
		{73A0E8FC-0852-495B-840F-0F267DC6A141}.Release|Any CPU.ActiveCfg = Release|Any CPU
		{73A0E8FC-0852-495B-840F-0F267DC6A141}.Release|Any CPU.Build.0 = Release|Any CPU
	EndGlobalSection
	GlobalSection(SolutionProperties) = preSolution
		HideSolutionNode = FALSE
	EndGlobalSection
	GlobalSection(ExtensibilityGlobals) = postSolution
		SolutionGuid = {07473396-E968-41DF-831B-F22A7C9C2EEA}
	EndGlobalSection
EndGlobal
