
Microsoft Visual Studio Solution File, Format Version 12.00
# Visual Studio Version 17
VisualStudioVersion = 17.11.35327.3
MinimumVisualStudioVersion = 10.0.40219.1
Project("{9A19103F-16F7-4668-BE54-9A1E7A4F7556}") = "Aldrigos.SmartSoap", "Aldrigos.SmartSoap\Aldrigos.SmartSoap.csproj", "{724FA103-2932-423B-9486-BBA3E5037548}"
EndProject
Project("{FAE04EC0-301F-11D3-BF4B-00C04F79EFBC}") = "Aldrigos.SmartSoap.TestApp", "Test\Aldrigos.SmartSoap.TestApp\Aldrigos.SmartSoap.TestApp.csproj", "{73A0E8FC-0852-495B-840F-0F267DC6A141}"
EndProject
Project("{9A19103F-16F7-4668-BE54-9A1E7A4F7556}") = "Aldrigos.SmartSoap.Test", "Test\Aldrigos.SmartSoap.Test\Aldrigos.SmartSoap.Test.csproj", "{AB1D9BDF-03BA-4CBF-BA3B-E07690A2ADF6}"
EndProject
Project("{9A19103F-16F7-4668-BE54-9A1E7A4F7556}") = "Aldrigos.SmartSoap.AspNet", "Aldrigos.SmartSoap.AspNet\Aldrigos.SmartSoap.AspNet.csproj", "{E0208660-6B20-48A4-B055-7DA9363E9EA9}"
EndProject
Project("{2150E333-8FDC-42A3-9474-1A3956D46DE8}") = "Test", "Test", "{F5821D7F-CA84-48D7-B1B2-223A93488375}"
EndProject
Global
	GlobalSection(SolutionConfigurationPlatforms) = preSolution
		Debug|Any CPU = Debug|Any CPU
		Release|Any CPU = Release|Any CPU
	EndGlobalSection
	GlobalSection(ProjectConfigurationPlatforms) = postSolution
		{724FA103-2932-423B-9486-BBA3E5037548}.Debug|Any CPU.ActiveCfg = Debug|Any CPU
		{724FA103-2932-423B-9486-BBA3E5037548}.Debug|Any CPU.Build.0 = Debug|Any CPU
		{724FA103-2932-423B-9486-BBA3E5037548}.Release|Any CPU.ActiveCfg = Release|Any CPU
		{724FA103-2932-423B-9486-BBA3E5037548}.Release|Any CPU.Build.0 = Release|Any CPU
		{73A0E8FC-0852-495B-840F-0F267DC6A141}.Debug|Any CPU.ActiveCfg = Debug|Any CPU
		{73A0E8FC-0852-495B-840F-0F267DC6A141}.Release|Any CPU.ActiveCfg = Release|Any CPU
		{73A0E8FC-0852-495B-840F-0F267DC6A141}.Release|Any CPU.Build.0 = Release|Any CPU
		{AB1D9BDF-03BA-4CBF-BA3B-E07690A2ADF6}.Debug|Any CPU.ActiveCfg = Debug|Any CPU
		{AB1D9BDF-03BA-4CBF-BA3B-E07690A2ADF6}.Release|Any CPU.ActiveCfg = Release|Any CPU
		{AB1D9BDF-03BA-4CBF-BA3B-E07690A2ADF6}.Release|Any CPU.Build.0 = Release|Any CPU
		{E0208660-6B20-48A4-B055-7DA9363E9EA9}.Debug|Any CPU.ActiveCfg = Debug|Any CPU
		{E0208660-6B20-48A4-B055-7DA9363E9EA9}.Debug|Any CPU.Build.0 = Debug|Any CPU
		{E0208660-6B20-48A4-B055-7DA9363E9EA9}.Release|Any CPU.ActiveCfg = Release|Any CPU
		{E0208660-6B20-48A4-B055-7DA9363E9EA9}.Release|Any CPU.Build.0 = Release|Any CPU
	EndGlobalSection
	GlobalSection(SolutionProperties) = preSolution
		HideSolutionNode = FALSE
	EndGlobalSection
	GlobalSection(NestedProjects) = preSolution
		{73A0E8FC-0852-495B-840F-0F267DC6A141} = {F5821D7F-CA84-48D7-B1B2-223A93488375}
		{AB1D9BDF-03BA-4CBF-BA3B-E07690A2ADF6} = {F5821D7F-CA84-48D7-B1B2-223A93488375}
	EndGlobalSection
	GlobalSection(ExtensibilityGlobals) = postSolution
		SolutionGuid = {07473396-E968-41DF-831B-F22A7C9C2EEA}
	EndGlobalSection
EndGlobal
